
Microsoft Visual Studio Solution File, Format Version 12.00
# Visual Studio Version 16
VisualStudioVersion = 16.0.30114.105
MinimumVisualStudioVersion = 15.0.26124.0
Project("{9A19103F-16F7-4668-BE54-9A1E7A4F7556}") = "Domain", "Domain\Domain.csproj", "{6594DC4F-43CA-4443-85B6-3F2862636743}"
EndProject
Project("{9A19103F-16F7-4668-BE54-9A1E7A4F7556}") = "Application", "Application\Application.csproj", "{3D4E9D8C-CB2F-47CD-86AB-47365689420D}"
EndProject
Project("{9A19103F-16F7-4668-BE54-9A1E7A4F7556}") = "Application.Contracts", "Application.Contracts\Application.Contracts.csproj", "{EE4C951A-1696-40F5-8144-FB87AA55E67E}"
EndProject
Project("{9A19103F-16F7-4668-BE54-9A1E7A4F7556}") = "Sample.ConsoleApplication", "Sample.ConsoleApplication\Sample.ConsoleApplication.csproj", "{10C72D53-130D-460F-90CB-86208D548302}"
EndProject
Project("{9A19103F-16F7-4668-BE54-9A1E7A4F7556}") = "Tests.Unit", "Tests.Unit\Tests.Unit.csproj", "{F6D463E7-1514-4EB8-A684-A58B4C2B90B6}"
EndProject
Project("{FAE04EC0-301F-11D3-BF4B-00C04F79EFBC}") = "Persistence.ElasticSearch", "Persistence.ElasticSearch\Persistence.ElasticSearch.csproj", "{CEE14D2D-A8E0-428B-83DA-0C3A667202B1}"
EndProject
Global
	GlobalSection(SolutionConfigurationPlatforms) = preSolution
		Debug|Any CPU = Debug|Any CPU
		Debug|x64 = Debug|x64
		Debug|x86 = Debug|x86
		Release|Any CPU = Release|Any CPU
		Release|x64 = Release|x64
		Release|x86 = Release|x86
	EndGlobalSection
	GlobalSection(ProjectConfigurationPlatforms) = postSolution
		{6594DC4F-43CA-4443-85B6-3F2862636743}.Debug|Any CPU.ActiveCfg = Debug|Any CPU
		{6594DC4F-43CA-4443-85B6-3F2862636743}.Debug|Any CPU.Build.0 = Debug|Any CPU
		{6594DC4F-43CA-4443-85B6-3F2862636743}.Debug|x64.ActiveCfg = Debug|Any CPU
		{6594DC4F-43CA-4443-85B6-3F2862636743}.Debug|x64.Build.0 = Debug|Any CPU
		{6594DC4F-43CA-4443-85B6-3F2862636743}.Debug|x86.ActiveCfg = Debug|Any CPU
		{6594DC4F-43CA-4443-85B6-3F2862636743}.Debug|x86.Build.0 = Debug|Any CPU
		{6594DC4F-43CA-4443-85B6-3F2862636743}.Release|Any CPU.ActiveCfg = Release|Any CPU
		{6594DC4F-43CA-4443-85B6-3F2862636743}.Release|Any CPU.Build.0 = Release|Any CPU
		{6594DC4F-43CA-4443-85B6-3F2862636743}.Release|x64.ActiveCfg = Release|Any CPU
		{6594DC4F-43CA-4443-85B6-3F2862636743}.Release|x64.Build.0 = Release|Any CPU
		{6594DC4F-43CA-4443-85B6-3F2862636743}.Release|x86.ActiveCfg = Release|Any CPU
		{6594DC4F-43CA-4443-85B6-3F2862636743}.Release|x86.Build.0 = Release|Any CPU
		{3D4E9D8C-CB2F-47CD-86AB-47365689420D}.Debug|Any CPU.ActiveCfg = Debug|Any CPU
		{3D4E9D8C-CB2F-47CD-86AB-47365689420D}.Debug|Any CPU.Build.0 = Debug|Any CPU
		{3D4E9D8C-CB2F-47CD-86AB-47365689420D}.Debug|x64.ActiveCfg = Debug|Any CPU
		{3D4E9D8C-CB2F-47CD-86AB-47365689420D}.Debug|x64.Build.0 = Debug|Any CPU
		{3D4E9D8C-CB2F-47CD-86AB-47365689420D}.Debug|x86.ActiveCfg = Debug|Any CPU
		{3D4E9D8C-CB2F-47CD-86AB-47365689420D}.Debug|x86.Build.0 = Debug|Any CPU
		{3D4E9D8C-CB2F-47CD-86AB-47365689420D}.Release|Any CPU.ActiveCfg = Release|Any CPU
		{3D4E9D8C-CB2F-47CD-86AB-47365689420D}.Release|Any CPU.Build.0 = Release|Any CPU
		{3D4E9D8C-CB2F-47CD-86AB-47365689420D}.Release|x64.ActiveCfg = Release|Any CPU
		{3D4E9D8C-CB2F-47CD-86AB-47365689420D}.Release|x64.Build.0 = Release|Any CPU
		{3D4E9D8C-CB2F-47CD-86AB-47365689420D}.Release|x86.ActiveCfg = Release|Any CPU
		{3D4E9D8C-CB2F-47CD-86AB-47365689420D}.Release|x86.Build.0 = Release|Any CPU
		{EE4C951A-1696-40F5-8144-FB87AA55E67E}.Debug|Any CPU.ActiveCfg = Debug|Any CPU
		{EE4C951A-1696-40F5-8144-FB87AA55E67E}.Debug|Any CPU.Build.0 = Debug|Any CPU
		{EE4C951A-1696-40F5-8144-FB87AA55E67E}.Debug|x64.ActiveCfg = Debug|Any CPU
		{EE4C951A-1696-40F5-8144-FB87AA55E67E}.Debug|x64.Build.0 = Debug|Any CPU
		{EE4C951A-1696-40F5-8144-FB87AA55E67E}.Debug|x86.ActiveCfg = Debug|Any CPU
		{EE4C951A-1696-40F5-8144-FB87AA55E67E}.Debug|x86.Build.0 = Debug|Any CPU
		{EE4C951A-1696-40F5-8144-FB87AA55E67E}.Release|Any CPU.ActiveCfg = Release|Any CPU
		{EE4C951A-1696-40F5-8144-FB87AA55E67E}.Release|Any CPU.Build.0 = Release|Any CPU
		{EE4C951A-1696-40F5-8144-FB87AA55E67E}.Release|x64.ActiveCfg = Release|Any CPU
		{EE4C951A-1696-40F5-8144-FB87AA55E67E}.Release|x64.Build.0 = Release|Any CPU
		{EE4C951A-1696-40F5-8144-FB87AA55E67E}.Release|x86.ActiveCfg = Release|Any CPU
		{EE4C951A-1696-40F5-8144-FB87AA55E67E}.Release|x86.Build.0 = Release|Any CPU
		{10C72D53-130D-460F-90CB-86208D548302}.Debug|Any CPU.ActiveCfg = Debug|Any CPU
		{10C72D53-130D-460F-90CB-86208D548302}.Debug|Any CPU.Build.0 = Debug|Any CPU
		{10C72D53-130D-460F-90CB-86208D548302}.Debug|x64.ActiveCfg = Debug|Any CPU
		{10C72D53-130D-460F-90CB-86208D548302}.Debug|x64.Build.0 = Debug|Any CPU
		{10C72D53-130D-460F-90CB-86208D548302}.Debug|x86.ActiveCfg = Debug|Any CPU
		{10C72D53-130D-460F-90CB-86208D548302}.Debug|x86.Build.0 = Debug|Any CPU
		{10C72D53-130D-460F-90CB-86208D548302}.Release|Any CPU.ActiveCfg = Release|Any CPU
		{10C72D53-130D-460F-90CB-86208D548302}.Release|Any CPU.Build.0 = Release|Any CPU
		{10C72D53-130D-460F-90CB-86208D548302}.Release|x64.ActiveCfg = Release|Any CPU
		{10C72D53-130D-460F-90CB-86208D548302}.Release|x64.Build.0 = Release|Any CPU
		{10C72D53-130D-460F-90CB-86208D548302}.Release|x86.ActiveCfg = Release|Any CPU
		{10C72D53-130D-460F-90CB-86208D548302}.Release|x86.Build.0 = Release|Any CPU
		{F6D463E7-1514-4EB8-A684-A58B4C2B90B6}.Debug|Any CPU.ActiveCfg = Debug|Any CPU
		{F6D463E7-1514-4EB8-A684-A58B4C2B90B6}.Debug|Any CPU.Build.0 = Debug|Any CPU
		{F6D463E7-1514-4EB8-A684-A58B4C2B90B6}.Debug|x64.ActiveCfg = Debug|Any CPU
		{F6D463E7-1514-4EB8-A684-A58B4C2B90B6}.Debug|x64.Build.0 = Debug|Any CPU
		{F6D463E7-1514-4EB8-A684-A58B4C2B90B6}.Debug|x86.ActiveCfg = Debug|Any CPU
		{F6D463E7-1514-4EB8-A684-A58B4C2B90B6}.Debug|x86.Build.0 = Debug|Any CPU
		{F6D463E7-1514-4EB8-A684-A58B4C2B90B6}.Release|Any CPU.ActiveCfg = Release|Any CPU
		{F6D463E7-1514-4EB8-A684-A58B4C2B90B6}.Release|Any CPU.Build.0 = Release|Any CPU
		{F6D463E7-1514-4EB8-A684-A58B4C2B90B6}.Release|x64.ActiveCfg = Release|Any CPU
		{F6D463E7-1514-4EB8-A684-A58B4C2B90B6}.Release|x64.Build.0 = Release|Any CPU
		{F6D463E7-1514-4EB8-A684-A58B4C2B90B6}.Release|x86.ActiveCfg = Release|Any CPU
		{F6D463E7-1514-4EB8-A684-A58B4C2B90B6}.Release|x86.Build.0 = Release|Any CPU
		{CEE14D2D-A8E0-428B-83DA-0C3A667202B1}.Debug|Any CPU.ActiveCfg = Debug|Any CPU
		{CEE14D2D-A8E0-428B-83DA-0C3A667202B1}.Debug|Any CPU.Build.0 = Debug|Any CPU
		{CEE14D2D-A8E0-428B-83DA-0C3A667202B1}.Debug|x64.ActiveCfg = Debug|Any CPU
		{CEE14D2D-A8E0-428B-83DA-0C3A667202B1}.Debug|x64.Build.0 = Debug|Any CPU
		{CEE14D2D-A8E0-428B-83DA-0C3A667202B1}.Debug|x86.ActiveCfg = Debug|Any CPU
		{CEE14D2D-A8E0-428B-83DA-0C3A667202B1}.Debug|x86.Build.0 = Debug|Any CPU
		{CEE14D2D-A8E0-428B-83DA-0C3A667202B1}.Release|Any CPU.ActiveCfg = Release|Any CPU
		{CEE14D2D-A8E0-428B-83DA-0C3A667202B1}.Release|Any CPU.Build.0 = Release|Any CPU
		{CEE14D2D-A8E0-428B-83DA-0C3A667202B1}.Release|x64.ActiveCfg = Release|Any CPU
		{CEE14D2D-A8E0-428B-83DA-0C3A667202B1}.Release|x64.Build.0 = Release|Any CPU
		{CEE14D2D-A8E0-428B-83DA-0C3A667202B1}.Release|x86.ActiveCfg = Release|Any CPU
		{CEE14D2D-A8E0-428B-83DA-0C3A667202B1}.Release|x86.Build.0 = Release|Any CPU
	EndGlobalSection
	GlobalSection(SolutionProperties) = preSolution
		HideSolutionNode = FALSE
	EndGlobalSection
	GlobalSection(ExtensibilityGlobals) = postSolution
		SolutionGuid = {146A0070-F218-4EE1-AE21-D976F6758546}
	EndGlobalSection
EndGlobal
